PODS:
  - Alamofire (4.8.2)
  - CoreGPX (0.8.1)
  - FileBrowser (1.0.0)
  - MapCache (0.9.0)
  - SwiftyJSON (4.2.0)

DEPENDENCIES:
  - Alamofire (= 4.8.2)
  - CoreGPX
  - FileBrowser (= 1.0)
  - MapCache
  - SwiftyJSON (= 4.2.0)

SPEC REPOS:
  trunk:
    - Alamofire
    - CoreGPX
    - FileBrowser
    - MapCache
    - SwiftyJSON

SPEC CHECKSUMS:
  Alamofire: ae5c501addb7afdbb13687d7f2f722c78734c2d3
  CoreGPX: 2d1deecae3c99674bb1165935c350f9c0e54e5ab
  FileBrowser: 2ca91ff61c9ea09665eb3b8f9e64a7a77e66a0bf
  MapCache: b0a9f5f9a0ed7cbac45443fea0e7e03a97bf0c66
  SwiftyJSON: c4bcba26dd9ec7a027fc8eade48e2c911f229e96

PODFILE CHECKSUM: 14be3c271c19bc57b75bb8ed1c1af02c0bdb09ce

COCOAPODS: 1.9.3
